// !$*UTF8*$!
{
	archiveVersion = 1;
	classes = {
	};
	objectVersion = 50;
	objects = {

/* Begin PBXBuildFile section */
		1C8D5B3A86145B3D166C21FB /* Pods_Budget.framework in Frameworks */ = {isa = PBXBuildFile; fileRef = 44057D2A11349285322A0360 /* Pods_Budget.framework */; };
		200BDDB3220E3A3E00B83924 /* Settings.swift in Sources */ = {isa = PBXBuildFile; fileRef = 200BDDB2220E3A3E00B83924 /* Settings.swift */; };
		200BDE45220F117000B83924 /* ExpenseInputViewController.storyboard in Resources */ = {isa = PBXBuildFile; fileRef = 200BDE44220F117000B83924 /* ExpenseInputViewController.storyboard */; };
		200BDE47220F117700B83924 /* ExpenseInputViewController.swift in Sources */ = {isa = PBXBuildFile; fileRef = 200BDE46220F117700B83924 /* ExpenseInputViewController.swift */; };
		200BDE49220F117F00B83924 /* InputView.swift in Sources */ = {isa = PBXBuildFile; fileRef = 200BDE48220F117F00B83924 /* InputView.swift */; };
		200BDE4D220F522D00B83924 /* CurrencyPicker.swift in Sources */ = {isa = PBXBuildFile; fileRef = 200BDE4C220F522D00B83924 /* CurrencyPicker.swift */; };
		200BDE4F220F68A300B83924 /* AlertButton.swift in Sources */ = {isa = PBXBuildFile; fileRef = 200BDE4E220F68A300B83924 /* AlertButton.swift */; };
		2015B9E4212E5677003CB2F7 /* Launch Screen.storyboard in Resources */ = {isa = PBXBuildFile; fileRef = 2015B9E3212E5677003CB2F7 /* Launch Screen.storyboard */; };
		201B9E0B2240DFB400D7BBBA /* BudgetDocumentCell.swift in Sources */ = {isa = PBXBuildFile; fileRef = 201B9E0A2240DFB400D7BBBA /* BudgetDocumentCell.swift */; };
		201D307B221AE3C3009BF083 /* SwitchTableViewCell.swift in Sources */ = {isa = PBXBuildFile; fileRef = 201D307A221AE3C3009BF083 /* SwitchTableViewCell.swift */; };
		2025D3EF223BEEB700D0AFB8 /* BudgetFileIcon@3x.png in Resources */ = {isa = PBXBuildFile; fileRef = 2025D3EE223BEEB700D0AFB8 /* BudgetFileIcon@3x.png */; };
		2025D3F1223BEFEC00D0AFB8 /* ChooseFileViewController.swift in Sources */ = {isa = PBXBuildFile; fileRef = 2025D3F0223BEFEC00D0AFB8 /* ChooseFileViewController.swift */; };
		2028B3152279A1F70000E907 /* DatePickerCell.swift in Sources */ = {isa = PBXBuildFile; fileRef = 2028B3142279A1F70000E907 /* DatePickerCell.swift */; };
		2028C4C7211F387F00048ABC /* ConvertorViewController.storyboard in Resources */ = {isa = PBXBuildFile; fileRef = 2028C4C6211F387F00048ABC /* ConvertorViewController.storyboard */; };
		2028C4C9211F389E00048ABC /* ConvertorViewController.swift in Sources */ = {isa = PBXBuildFile; fileRef = 2028C4C8211F389E00048ABC /* ConvertorViewController.swift */; };
		20329A3D21328FD40036B2AA /* TodayAvailableCell.swift in Sources */ = {isa = PBXBuildFile; fileRef = 20329A3C21328FD40036B2AA /* TodayAvailableCell.swift */; };
		20491B01221E400E000A9576 /* PanelViewController.swift in Sources */ = {isa = PBXBuildFile; fileRef = 20491B00221E400E000A9576 /* PanelViewController.swift */; };
		20491B04221E4315000A9576 /* LeftMenuTableViewController.swift in Sources */ = {isa = PBXBuildFile; fileRef = 20491B03221E4315000A9576 /* LeftMenuTableViewController.swift */; };
		20491B0C2220233F000A9576 /* ProfileTableViewController.swift in Sources */ = {isa = PBXBuildFile; fileRef = 20491B0B2220233F000A9576 /* ProfileTableViewController.swift */; };
		2059892B212DF7CB00D1994D /* Launch Screen Thing.storyboard in Resources */ = {isa = PBXBuildFile; fileRef = 2059892A212DF7CB00D1994D /* Launch Screen Thing.storyboard */; };
		2059892D212E30F000D1994D /* LaunchScreen.swift in Sources */ = {isa = PBXBuildFile; fileRef = 2059892C212E30F000D1994D /* LaunchScreen.swift */; };
		205E540422281820006F43D6 /* RecurringExpense.swift in Sources */ = {isa = PBXBuildFile; fileRef = 205E540322281820006F43D6 /* RecurringExpense.swift */; };
		205EB7E42127E18B0019E641 /* BudgetExportDocument.swift in Sources */ = {isa = PBXBuildFile; fileRef = 205EB7E32127E18B0019E641 /* BudgetExportDocument.swift */; };
		20658AAD22103BD900D9656C /* Settings2ViewController.swift in Sources */ = {isa = PBXBuildFile; fileRef = 20658AAC22103BD900D9656C /* Settings2ViewController.swift */; };
		20658AAF22103BE200D9656C /* Settings2.storyboard in Resources */ = {isa = PBXBuildFile; fileRef = 20658AAE22103BE200D9656C /* Settings2.storyboard */; };
		20658AB12211FE3500D9656C /* ProfileTableViewCell.swift in Sources */ = {isa = PBXBuildFile; fileRef = 20658AB02211FE3500D9656C /* ProfileTableViewCell.swift */; };
		20658AB522130D5F00D9656C /* RecurringExpenseViewController.swift in Sources */ = {isa = PBXBuildFile; fileRef = 20658AB422130D5F00D9656C /* RecurringExpenseViewController.swift */; };
		206BB1742221D3B5006F55B9 /* FieldEditingTableViewController.swift in Sources */ = {isa = PBXBuildFile; fileRef = 206BB1732221D3B5006F55B9 /* FieldEditingTableViewController.swift */; };
		206BB17622228D75006F55B9 /* CalendarCell.swift in Sources */ = {isa = PBXBuildFile; fileRef = 206BB17522228D75006F55B9 /* CalendarCell.swift */; };
		206BB1782225F729006F55B9 /* CollectionTableViewCell.swift in Sources */ = {isa = PBXBuildFile; fileRef = 206BB1772225F729006F55B9 /* CollectionTableViewCell.swift */; };
		207717A0211B7EF00002DD1D /* Currency.swift in Sources */ = {isa = PBXBuildFile; fileRef = 2077179F211B7EF00002DD1D /* Currency.swift */; };
		207B12D521281F4800C02331 /* BudgetExportViewController.swift in Sources */ = {isa = PBXBuildFile; fileRef = 207B12D421281F4800C02331 /* BudgetExportViewController.swift */; };
		207B12D721281FD500C02331 /* BudgetExport.storyboard in Resources */ = {isa = PBXBuildFile; fileRef = 207B12D621281FD500C02331 /* BudgetExport.storyboard */; };
		208777242133684000FB708C /* ExchangeCurrencyCell.swift in Sources */ = {isa = PBXBuildFile; fileRef = 208777232133684000FB708C /* ExchangeCurrencyCell.swift */; };
		20877726213386DB00FB708C /* RoundedTableViewCell.swift in Sources */ = {isa = PBXBuildFile; fileRef = 20877725213386DB00FB708C /* RoundedTableViewCell.swift */; };
		20A43DC721308C1E00EB0D07 /* IndieFlower.ttf in Resources */ = {isa = PBXBuildFile; fileRef = 20A43DC621308C1E00EB0D07 /* IndieFlower.ttf */; };
		20A43DCB2130C70E00EB0D07 /* ExpenseCell.swift in Sources */ = {isa = PBXBuildFile; fileRef = 20A43DCA2130C70E00EB0D07 /* ExpenseCell.swift */; };
		20AA32422133522E000B0CBF /* CurrencyPickerCell.swift in Sources */ = {isa = PBXBuildFile; fileRef = 20AA32412133522E000B0CBF /* CurrencyPickerCell.swift */; };
		20AA3244213360B9000B0CBF /* BaseCurrencyCell.swift in Sources */ = {isa = PBXBuildFile; fileRef = 20AA3243213360B9000B0CBF /* BaseCurrencyCell.swift */; };
		20B8AA472116460F00167865 /* AppDelegate.swift in Sources */ = {isa = PBXBuildFile; fileRef = 20B8AA462116460F00167865 /* AppDelegate.swift */; };
		20B8AA492116460F00167865 /* BudgetViewController.swift in Sources */ = {isa = PBXBuildFile; fileRef = 20B8AA482116460F00167865 /* BudgetViewController.swift */; };
		20B8AA4C2116460F00167865 /* Main.storyboard in Resources */ = {isa = PBXBuildFile; fileRef = 20B8AA4A2116460F00167865 /* Main.storyboard */; };
		20B8AA4E2116461100167865 /* Assets.xcassets in Resources */ = {isa = PBXBuildFile; fileRef = 20B8AA4D2116461100167865 /* Assets.xcassets */; };
		20B8AA5A2116559500167865 /* OverViewTableViewCell.swift in Sources */ = {isa = PBXBuildFile; fileRef = 20B8AA582116559500167865 /* OverViewTableViewCell.swift */; };
		20B8AA5D21165C4C00167865 /* Expense.swift in Sources */ = {isa = PBXBuildFile; fileRef = 20B8AA5C21165C4C00167865 /* Expense.swift */; };
		20BD74272116D69A00DE0B7A /* BudgetCalculatingFunctions.swift in Sources */ = {isa = PBXBuildFile; fileRef = 20BD74262116D69A00DE0B7A /* BudgetCalculatingFunctions.swift */; };
		20DE1981212077BE00707A31 /* ExpensesThisMonthViewController.storyboard in Resources */ = {isa = PBXBuildFile; fileRef = 20DE1980212077BE00707A31 /* ExpensesThisMonthViewController.storyboard */; };
		20DE19852120857000707A31 /* ExpensesThisMonthViewController.swift in Sources */ = {isa = PBXBuildFile; fileRef = 20DE19842120856F00707A31 /* ExpensesThisMonthViewController.swift */; };
		20E08AB72120C0E700A7BE52 /* ExpenseDetailViewController.swift in Sources */ = {isa = PBXBuildFile; fileRef = 20E08AB62120C0E700A7BE52 /* ExpenseDetailViewController.swift */; };
		20F3A459212705B600F9B13E /* BudgetExportData.swift in Sources */ = {isa = PBXBuildFile; fileRef = 20F3A458212705B600F9B13E /* BudgetExportData.swift */; };
		20FA8ABC223A9ED6001E9CDE /* BaseClassExtensions.swift in Sources */ = {isa = PBXBuildFile; fileRef = 20FA8ABB223A9ED6001E9CDE /* BaseClassExtensions.swift */; };
		20FAE82E2241072F00AC471A /* Onboarding.storyboard in Resources */ = {isa = PBXBuildFile; fileRef = 20FAE82D2241072F00AC471A /* Onboarding.storyboard */; };
		20FAE8302241077A00AC471A /* OnboardingControllerViewController.swift in Sources */ = {isa = PBXBuildFile; fileRef = 20FAE82F2241077A00AC471A /* OnboardingControllerViewController.swift */; };
		20FB7A5E211C41AB00B0F523 /* BudgetForDay.swift in Sources */ = {isa = PBXBuildFile; fileRef = 20FB7A5D211C41AB00B0F523 /* BudgetForDay.swift */; };
		20FB7A60211CBA0200B0F523 /* Keys.swift in Sources */ = {isa = PBXBuildFile; fileRef = 20FB7A5F211CBA0200B0F523 /* Keys.swift */; };
/* End PBXBuildFile section */

/* Begin PBXCopyFilesBuildPhase section */
		20F3A46F212771BE00F9B13E /* Embed App Extensions */ = {
			isa = PBXCopyFilesBuildPhase;
			buildActionMask = 2147483647;
			dstPath = "";
			dstSubfolderSpec = 13;
			files = (
			);
			name = "Embed App Extensions";
			runOnlyForDeploymentPostprocessing = 0;
		};
/* End PBXCopyFilesBuildPhase section */

/* Begin PBXFileReference section */
		200BDDB2220E3A3E00B83924 /* Settings.swift */ = {isa = PBXFileReference; lastKnownFileType = sourcecode.swift; path = Settings.swift; sourceTree = "<group>"; };
		200BDE44220F117000B83924 /* ExpenseInputViewController.storyboard */ = {isa = PBXFileReference; fileEncoding = 4; lastKnownFileType = file.storyboard; path = ExpenseInputViewController.storyboard; sourceTree = "<group>"; };
		200BDE46220F117700B83924 /* ExpenseInputViewController.swift */ = {isa = PBXFileReference; fileEncoding = 4; lastKnownFileType = sourcecode.swift; path = ExpenseInputViewController.swift; sourceTree = "<group>"; };
		200BDE48220F117F00B83924 /* InputView.swift */ = {isa = PBXFileReference; fileEncoding = 4; lastKnownFileType = sourcecode.swift; path = InputView.swift; sourceTree = "<group>"; };
		200BDE4C220F522D00B83924 /* CurrencyPicker.swift */ = {isa = PBXFileReference; lastKnownFileType = sourcecode.swift; path = CurrencyPicker.swift; sourceTree = "<group>"; };
		200BDE4E220F68A300B83924 /* AlertButton.swift */ = {isa = PBXFileReference; lastKnownFileType = sourcecode.swift; path = AlertButton.swift; sourceTree = "<group>"; };
		2015B9E3212E5677003CB2F7 /* Launch Screen.storyboard */ = {isa = PBXFileReference; fileEncoding = 4; lastKnownFileType = file.storyboard; path = "Launch Screen.storyboard"; sourceTree = "<group>"; };
		201B9E0A2240DFB400D7BBBA /* BudgetDocumentCell.swift */ = {isa = PBXFileReference; lastKnownFileType = sourcecode.swift; path = BudgetDocumentCell.swift; sourceTree = "<group>"; };
		201D307A221AE3C3009BF083 /* SwitchTableViewCell.swift */ = {isa = PBXFileReference; lastKnownFileType = sourcecode.swift; path = SwitchTableViewCell.swift; sourceTree = "<group>"; };
		2025D3EE223BEEB700D0AFB8 /* BudgetFileIcon@3x.png */ = {isa = PBXFileReference; lastKnownFileType = image.png; path = "BudgetFileIcon@3x.png"; sourceTree = "<group>"; };
		2025D3F0223BEFEC00D0AFB8 /* ChooseFileViewController.swift */ = {isa = PBXFileReference; lastKnownFileType = sourcecode.swift; path = ChooseFileViewController.swift; sourceTree = "<group>"; };
		2028B3142279A1F70000E907 /* DatePickerCell.swift */ = {isa = PBXFileReference; lastKnownFileType = sourcecode.swift; path = DatePickerCell.swift; sourceTree = "<group>"; };
		2028C4C6211F387F00048ABC /* ConvertorViewController.storyboard */ = {isa = PBXFileReference; lastKnownFileType = file.storyboard; path = ConvertorViewController.storyboard; sourceTree = "<group>"; };
		2028C4C8211F389E00048ABC /* ConvertorViewController.swift */ = {isa = PBXFileReference; lastKnownFileType = sourcecode.swift; path = ConvertorViewController.swift; sourceTree = "<group>"; };
		20329A3C21328FD40036B2AA /* TodayAvailableCell.swift */ = {isa = PBXFileReference; lastKnownFileType = sourcecode.swift; path = TodayAvailableCell.swift; sourceTree = "<group>"; };
		20491B00221E400E000A9576 /* PanelViewController.swift */ = {isa = PBXFileReference; lastKnownFileType = sourcecode.swift; path = PanelViewController.swift; sourceTree = "<group>"; };
		20491B03221E4315000A9576 /* LeftMenuTableViewController.swift */ = {isa = PBXFileReference; lastKnownFileType = sourcecode.swift; path = LeftMenuTableViewController.swift; sourceTree = "<group>"; };
		20491B0B2220233F000A9576 /* ProfileTableViewController.swift */ = {isa = PBXFileReference; lastKnownFileType = sourcecode.swift; path = ProfileTableViewController.swift; sourceTree = "<group>"; };
		2059892A212DF7CB00D1994D /* Launch Screen Thing.storyboard */ = {isa = PBXFileReference; lastKnownFileType = file.storyboard; path = "Launch Screen Thing.storyboard"; sourceTree = "<group>"; };
		2059892C212E30F000D1994D /* LaunchScreen.swift */ = {isa = PBXFileReference; lastKnownFileType = sourcecode.swift; path = LaunchScreen.swift; sourceTree = "<group>"; };
		205E540322281820006F43D6 /* RecurringExpense.swift */ = {isa = PBXFileReference; lastKnownFileType = sourcecode.swift; path = RecurringExpense.swift; sourceTree = "<group>"; };
		205EB7E32127E18B0019E641 /* BudgetExportDocument.swift */ = {isa = PBXFileReference; lastKnownFileType = sourcecode.swift; path = BudgetExportDocument.swift; sourceTree = "<group>"; };
		20658AAC22103BD900D9656C /* Settings2ViewController.swift */ = {isa = PBXFileReference; lastKnownFileType = sourcecode.swift; path = Settings2ViewController.swift; sourceTree = "<group>"; };
		20658AAE22103BE200D9656C /* Settings2.storyboard */ = {isa = PBXFileReference; lastKnownFileType = file.storyboard; path = Settings2.storyboard; sourceTree = "<group>"; };
		20658AB02211FE3500D9656C /* ProfileTableViewCell.swift */ = {isa = PBXFileReference; lastKnownFileType = sourcecode.swift; path = ProfileTableViewCell.swift; sourceTree = "<group>"; };
		20658AB422130D5F00D9656C /* RecurringExpenseViewController.swift */ = {isa = PBXFileReference; lastKnownFileType = sourcecode.swift; path = RecurringExpenseViewController.swift; sourceTree = "<group>"; };
		206BB1732221D3B5006F55B9 /* FieldEditingTableViewController.swift */ = {isa = PBXFileReference; lastKnownFileType = sourcecode.swift; path = FieldEditingTableViewController.swift; sourceTree = "<group>"; };
		206BB17522228D75006F55B9 /* CalendarCell.swift */ = {isa = PBXFileReference; lastKnownFileType = sourcecode.swift; path = CalendarCell.swift; sourceTree = "<group>"; };
		206BB1772225F729006F55B9 /* CollectionTableViewCell.swift */ = {isa = PBXFileReference; lastKnownFileType = sourcecode.swift; path = CollectionTableViewCell.swift; sourceTree = "<group>"; };
		206D1B5E2118F6B500660920 /* Budget.entitlements */ = {isa = PBXFileReference; lastKnownFileType = text.plist.entitlements; path = Budget.entitlements; sourceTree = "<group>"; };
		2077179F211B7EF00002DD1D /* Currency.swift */ = {isa = PBXFileReference; lastKnownFileType = sourcecode.swift; path = Currency.swift; sourceTree = "<group>"; };
		207B12D421281F4800C02331 /* BudgetExportViewController.swift */ = {isa = PBXFileReference; lastKnownFileType = sourcecode.swift; path = BudgetExportViewController.swift; sourceTree = "<group>"; };
		207B12D621281FD500C02331 /* BudgetExport.storyboard */ = {isa = PBXFileReference; lastKnownFileType = file.storyboard; path = BudgetExport.storyboard; sourceTree = "<group>"; };
		208777232133684000FB708C /* ExchangeCurrencyCell.swift */ = {isa = PBXFileReference; lastKnownFileType = sourcecode.swift; path = ExchangeCurrencyCell.swift; sourceTree = "<group>"; };
		20877725213386DB00FB708C /* RoundedTableViewCell.swift */ = {isa = PBXFileReference; lastKnownFileType = sourcecode.swift; path = RoundedTableViewCell.swift; sourceTree = "<group>"; };
		20A43DC621308C1E00EB0D07 /* IndieFlower.ttf */ = {isa = PBXFileReference; lastKnownFileType = file; path = IndieFlower.ttf; sourceTree = "<group>"; };
		20A43DCA2130C70E00EB0D07 /* ExpenseCell.swift */ = {isa = PBXFileReference; fileEncoding = 4; lastKnownFileType = sourcecode.swift; path = ExpenseCell.swift; sourceTree = "<group>"; };
		20AA32412133522E000B0CBF /* CurrencyPickerCell.swift */ = {isa = PBXFileReference; lastKnownFileType = sourcecode.swift; path = CurrencyPickerCell.swift; sourceTree = "<group>"; };
		20AA3243213360B9000B0CBF /* BaseCurrencyCell.swift */ = {isa = PBXFileReference; lastKnownFileType = sourcecode.swift; path = BaseCurrencyCell.swift; sourceTree = "<group>"; };
		20B8AA432116460F00167865 /* Budget.app */ = {isa = PBXFileReference; explicitFileType = wrapper.application; includeInIndex = 0; path = Budget.app; sourceTree = BUILT_PRODUCTS_DIR; };
		20B8AA462116460F00167865 /* AppDelegate.swift */ = {isa = PBXFileReference; lastKnownFileType = sourcecode.swift; path = AppDelegate.swift; sourceTree = "<group>"; };
		20B8AA482116460F00167865 /* BudgetViewController.swift */ = {isa = PBXFileReference; lastKnownFileType = sourcecode.swift; path = BudgetViewController.swift; sourceTree = "<group>"; };
		20B8AA4B2116460F00167865 /* Base */ = {isa = PBXFileReference; lastKnownFileType = file.storyboard; name = Base; path = Base.lproj/Main.storyboard; sourceTree = "<group>"; };
		20B8AA4D2116461100167865 /* Assets.xcassets */ = {isa = PBXFileReference; lastKnownFileType = folder.assetcatalog; path = Assets.xcassets; sourceTree = "<group>"; };
		20B8AA522116461100167865 /* Info.plist */ = {isa = PBXFileReference; lastKnownFileType = text.plist.xml; path = Info.plist; sourceTree = "<group>"; };
		20B8AA582116559500167865 /* OverViewTableViewCell.swift */ = {isa = PBXFileReference; lastKnownFileType = sourcecode.swift; path = OverViewTableViewCell.swift; sourceTree = "<group>"; };
		20B8AA5C21165C4C00167865 /* Expense.swift */ = {isa = PBXFileReference; lastKnownFileType = sourcecode.swift; path = Expense.swift; sourceTree = "<group>"; };
		20BD74262116D69A00DE0B7A /* BudgetCalculatingFunctions.swift */ = {isa = PBXFileReference; lastKnownFileType = sourcecode.swift; path = BudgetCalculatingFunctions.swift; sourceTree = "<group>"; };
		20DE1980212077BE00707A31 /* ExpensesThisMonthViewController.storyboard */ = {isa = PBXFileReference; lastKnownFileType = file.storyboard; path = ExpensesThisMonthViewController.storyboard; sourceTree = "<group>"; };
		20DE19842120856F00707A31 /* ExpensesThisMonthViewController.swift */ = {isa = PBXFileReference; lastKnownFileType = sourcecode.swift; path = ExpensesThisMonthViewController.swift; sourceTree = "<group>"; };
		20E08AB62120C0E700A7BE52 /* ExpenseDetailViewController.swift */ = {isa = PBXFileReference; lastKnownFileType = sourcecode.swift; path = ExpenseDetailViewController.swift; sourceTree = "<group>"; };
		20F3A458212705B600F9B13E /* BudgetExportData.swift */ = {isa = PBXFileReference; lastKnownFileType = sourcecode.swift; path = BudgetExportData.swift; sourceTree = "<group>"; };
		20F3A460212771BE00F9B13E /* NotificationCenter.framework */ = {isa = PBXFileReference; lastKnownFileType = wrapper.framework; name = NotificationCenter.framework; path = System/Library/Frameworks/NotificationCenter.framework; sourceTree = SDKROOT; };
		20FA8ABB223A9ED6001E9CDE /* BaseClassExtensions.swift */ = {isa = PBXFileReference; lastKnownFileType = sourcecode.swift; path = BaseClassExtensions.swift; sourceTree = "<group>"; };
		20FAE82D2241072F00AC471A /* Onboarding.storyboard */ = {isa = PBXFileReference; lastKnownFileType = file.storyboard; path = Onboarding.storyboard; sourceTree = "<group>"; };
		20FAE82F2241077A00AC471A /* OnboardingControllerViewController.swift */ = {isa = PBXFileReference; lastKnownFileType = sourcecode.swift; path = OnboardingControllerViewController.swift; sourceTree = "<group>"; };
		20FB7A5D211C41AB00B0F523 /* BudgetForDay.swift */ = {isa = PBXFileReference; lastKnownFileType = sourcecode.swift; path = BudgetForDay.swift; sourceTree = "<group>"; };
		20FB7A5F211CBA0200B0F523 /* Keys.swift */ = {isa = PBXFileReference; lastKnownFileType = sourcecode.swift; path = Keys.swift; sourceTree = "<group>"; };
		44057D2A11349285322A0360 /* Pods_Budget.framework */ = {isa = PBXFileReference; explicitFileType = wrapper.framework; includeInIndex = 0; path = Pods_Budget.framework; sourceTree = BUILT_PRODUCTS_DIR; };
		D20D394DD4D9CD3BB5A28E4A /* Pods-Budget.debug.xcconfig */ = {isa = PBXFileReference; includeInIndex = 1; lastKnownFileType = text.xcconfig; name = "Pods-Budget.debug.xcconfig"; path = "Pods/Target Support Files/Pods-Budget/Pods-Budget.debug.xcconfig"; sourceTree = "<group>"; };
		F879BA6B406B0F87B42F43B7 /* Pods-Budget.release.xcconfig */ = {isa = PBXFileReference; includeInIndex = 1; lastKnownFileType = text.xcconfig; name = "Pods-Budget.release.xcconfig"; path = "Pods/Target Support Files/Pods-Budget/Pods-Budget.release.xcconfig"; sourceTree = "<group>"; };
/* End PBXFileReference section */

/* Begin PBXFrameworksBuildPhase section */
		20B8AA402116460F00167865 /* Frameworks */ = {
			isa = PBXFrameworksBuildPhase;
			buildActionMask = 2147483647;
			files = (
				1C8D5B3A86145B3D166C21FB /* Pods_Budget.framework in Frameworks */,
			);
			runOnlyForDeploymentPostprocessing = 0;
		};
/* End PBXFrameworksBuildPhase section */

/* Begin PBXGroup section */
		200BDE43220F116500B83924 /* InputViewController */ = {
			isa = PBXGroup;
			children = (
				200BDE48220F117F00B83924 /* InputView.swift */,
				200BDE46220F117700B83924 /* ExpenseInputViewController.swift */,
				200BDE44220F117000B83924 /* ExpenseInputViewController.storyboard */,
			);
			path = InputViewController;
			sourceTree = "<group>";
		};
		2028C4C5211F379300048ABC /* CurrencyConvertor */ = {
			isa = PBXGroup;
			children = (
				2028C4C6211F387F00048ABC /* ConvertorViewController.storyboard */,
				2028C4C8211F389E00048ABC /* ConvertorViewController.swift */,
			);
			path = CurrencyConvertor;
			sourceTree = "<group>";
		};
		20491B05221E452D000A9576 /* Panels View Controllers */ = {
			isa = PBXGroup;
			children = (
				20491B00221E400E000A9576 /* PanelViewController.swift */,
				20491B03221E4315000A9576 /* LeftMenuTableViewController.swift */,
			);
			path = "Panels View Controllers";
			sourceTree = "<group>";
		};
		20491B06221E4542000A9576 /* Home Screen */ = {
			isa = PBXGroup;
			children = (
				20B8AA582116559500167865 /* OverViewTableViewCell.swift */,
				206BB1772225F729006F55B9 /* CollectionTableViewCell.swift */,
				20329A3C21328FD40036B2AA /* TodayAvailableCell.swift */,
				20B8AA482116460F00167865 /* BudgetViewController.swift */,
			);
			path = "Home Screen";
			sourceTree = "<group>";
		};
		20491B0A22202327000A9576 /* Profile info */ = {
			isa = PBXGroup;
			children = (
				20658AB02211FE3500D9656C /* ProfileTableViewCell.swift */,
				20491B0B2220233F000A9576 /* ProfileTableViewController.swift */,
			);
			path = "Profile info";
			sourceTree = "<group>";
		};
		205EB80D21281DDF0019E641 /* BudgetExportViewController */ = {
			isa = PBXGroup;
			children = (
				207B12D421281F4800C02331 /* BudgetExportViewController.swift */,
				2025D3F0223BEFEC00D0AFB8 /* ChooseFileViewController.swift */,
				207B12D621281FD500C02331 /* BudgetExport.storyboard */,
			);
			path = BudgetExportViewController;
			sourceTree = "<group>";
		};
		20658AAB22103B8C00D9656C /* Settings2 */ = {
			isa = PBXGroup;
			children = (
				206BB1732221D3B5006F55B9 /* FieldEditingTableViewController.swift */,
				20491B0A22202327000A9576 /* Profile info */,
				206BB17522228D75006F55B9 /* CalendarCell.swift */,
				20658AB422130D5F00D9656C /* RecurringExpenseViewController.swift */,
				20658AAC22103BD900D9656C /* Settings2ViewController.swift */,
				20658AAE22103BE200D9656C /* Settings2.storyboard */,
			);
			path = Settings2;
			sourceTree = "<group>";
		};
		206D1B5B2118F29F00660920 /* Launch Screen */ = {
			isa = PBXGroup;
			children = (
				2059892A212DF7CB00D1994D /* Launch Screen Thing.storyboard */,
				2015B9E3212E5677003CB2F7 /* Launch Screen.storyboard */,
				2059892C212E30F000D1994D /* LaunchScreen.swift */,
			);
			path = "Launch Screen";
			sourceTree = "<group>";
		};
		20A43DC521308BFE00EB0D07 /* Fonts */ = {
			isa = PBXGroup;
			children = (
				20A43DC621308C1E00EB0D07 /* IndieFlower.ttf */,
			);
			path = Fonts;
			sourceTree = "<group>";
		};
		20B8AA3A2116460F00167865 = {
			isa = PBXGroup;
			children = (
				20A43DC521308BFE00EB0D07 /* Fonts */,
				2025D3EE223BEEB700D0AFB8 /* BudgetFileIcon@3x.png */,
				20B8AA452116460F00167865 /* Budget */,
				20F3A45F212771BE00F9B13E /* Frameworks */,
				20B8AA442116460F00167865 /* Products */,
				79FC77BAB3B2D692E3BED8A0 /* Pods */,
			);
			sourceTree = "<group>";
		};
		20B8AA442116460F00167865 /* Products */ = {
			isa = PBXGroup;
			children = (
				20B8AA432116460F00167865 /* Budget.app */,
			);
			name = Products;
			sourceTree = "<group>";
		};
		20B8AA452116460F00167865 /* Budget */ = {
			isa = PBXGroup;
			children = (
				20BD742A211709B400DE0B7A /* Model & Logic */,
				20BD742F2117142500DE0B7A /* Shared */,
				20BD742D2117139300DE0B7A /* Home */,
				20658AAB22103B8C00D9656C /* Settings2 */,
				20DE197F2120774800707A31 /* ExpensesThisMonth */,
				205EB80D21281DDF0019E641 /* BudgetExportViewController */,
				2028C4C5211F379300048ABC /* CurrencyConvertor */,
				206D1B5B2118F29F00660920 /* Launch Screen */,
				20FAE82C2241063400AC471A /* Onboarding Screen */,
				200BDE43220F116500B83924 /* InputViewController */,
				20B8AA522116461100167865 /* Info.plist */,
				206D1B5E2118F6B500660920 /* Budget.entitlements */,
				20B8AA4D2116461100167865 /* Assets.xcassets */,
			);
			path = Budget;
			sourceTree = "<group>";
		};
		20BD742A211709B400DE0B7A /* Model & Logic */ = {
			isa = PBXGroup;
			children = (
				205EB7E32127E18B0019E641 /* BudgetExportDocument.swift */,
				20BD74262116D69A00DE0B7A /* BudgetCalculatingFunctions.swift */,
				20B8AA5C21165C4C00167865 /* Expense.swift */,
				205E540322281820006F43D6 /* RecurringExpense.swift */,
				2077179F211B7EF00002DD1D /* Currency.swift */,
				20FB7A5D211C41AB00B0F523 /* BudgetForDay.swift */,
				20F3A458212705B600F9B13E /* BudgetExportData.swift */,
				200BDDB2220E3A3E00B83924 /* Settings.swift */,
				20FB7A5F211CBA0200B0F523 /* Keys.swift */,
			);
			path = "Model & Logic";
			sourceTree = "<group>";
		};
		20BD742D2117139300DE0B7A /* Home */ = {
			isa = PBXGroup;
			children = (
				20491B06221E4542000A9576 /* Home Screen */,
				20B8AA462116460F00167865 /* AppDelegate.swift */,
				20B8AA4A2116460F00167865 /* Main.storyboard */,
				20491B05221E452D000A9576 /* Panels View Controllers */,
			);
			path = Home;
			sourceTree = "<group>";
		};
		20BD742F2117142500DE0B7A /* Shared */ = {
			isa = PBXGroup;
			children = (
				20A43DCA2130C70E00EB0D07 /* ExpenseCell.swift */,
				20877725213386DB00FB708C /* RoundedTableViewCell.swift */,
				20AA32412133522E000B0CBF /* CurrencyPickerCell.swift */,
				20AA3243213360B9000B0CBF /* BaseCurrencyCell.swift */,
				208777232133684000FB708C /* ExchangeCurrencyCell.swift */,
				200BDE4C220F522D00B83924 /* CurrencyPicker.swift */,
				200BDE4E220F68A300B83924 /* AlertButton.swift */,
				201D307A221AE3C3009BF083 /* SwitchTableViewCell.swift */,
				20FA8ABB223A9ED6001E9CDE /* BaseClassExtensions.swift */,
				201B9E0A2240DFB400D7BBBA /* BudgetDocumentCell.swift */,
				2028B3142279A1F70000E907 /* DatePickerCell.swift */,
			);
			path = Shared;
			sourceTree = "<group>";
		};
		20DE197F2120774800707A31 /* ExpensesThisMonth */ = {
			isa = PBXGroup;
			children = (
				20DE1980212077BE00707A31 /* ExpensesThisMonthViewController.storyboard */,
				20DE19842120856F00707A31 /* ExpensesThisMonthViewController.swift */,
				20E08AB62120C0E700A7BE52 /* ExpenseDetailViewController.swift */,
			);
			path = ExpensesThisMonth;
			sourceTree = "<group>";
		};
		20F3A45F212771BE00F9B13E /* Frameworks */ = {
			isa = PBXGroup;
			children = (
				20F3A460212771BE00F9B13E /* NotificationCenter.framework */,
				44057D2A11349285322A0360 /* Pods_Budget.framework */,
			);
			name = Frameworks;
			sourceTree = "<group>";
		};
		20FAE82C2241063400AC471A /* Onboarding Screen */ = {
			isa = PBXGroup;
			children = (
				20FAE82D2241072F00AC471A /* Onboarding.storyboard */,
				20FAE82F2241077A00AC471A /* OnboardingControllerViewController.swift */,
			);
			path = "Onboarding Screen";
			sourceTree = "<group>";
		};
		79FC77BAB3B2D692E3BED8A0 /* Pods */ = {
			isa = PBXGroup;
			children = (
				D20D394DD4D9CD3BB5A28E4A /* Pods-Budget.debug.xcconfig */,
				F879BA6B406B0F87B42F43B7 /* Pods-Budget.release.xcconfig */,
			);
			name = Pods;
			sourceTree = "<group>";
		};
/* End PBXGroup section */

/* Begin PBXNativeTarget section */
		20B8AA422116460F00167865 /* Budget */ = {
			isa = PBXNativeTarget;
			buildConfigurationList = 20B8AA552116461100167865 /* Build configuration list for PBXNativeTarget "Budget" */;
			buildPhases = (
				559F74B38ACA9D354A1862AE /* [CP] Check Pods Manifest.lock */,
				20B8AA3F2116460F00167865 /* Sources */,
				20B8AA402116460F00167865 /* Frameworks */,
				20B8AA412116460F00167865 /* Resources */,
				20F3A46F212771BE00F9B13E /* Embed App Extensions */,
				D8C40B593717F8B8CBB5D1AE /* [CP] Embed Pods Frameworks */,
			);
			buildRules = (
			);
			dependencies = (
			);
			name = Budget;
			productName = Budget;
			productReference = 20B8AA432116460F00167865 /* Budget.app */;
			productType = "com.apple.product-type.application";
		};
/* End PBXNativeTarget section */

/* Begin PBXProject section */
		20B8AA3B2116460F00167865 /* Project object */ = {
			isa = PBXProject;
			attributes = {
				LastSwiftUpdateCheck = 0940;
				LastUpgradeCheck = 1000;
				ORGANIZATIONNAME = "Tudor Croitoru";
				TargetAttributes = {
					20B8AA422116460F00167865 = {
						CreatedOnToolsVersion = 9.4.1;
						LastSwiftMigration = 1020;
						SystemCapabilities = {
							com.apple.BackgroundModes = {
								enabled = 0;
							};
							com.apple.DataProtection = {
								enabled = 0;
							};
							com.apple.Keychain = {
								enabled = 0;
							};
						};
					};
				};
			};
			buildConfigurationList = 20B8AA3E2116460F00167865 /* Build configuration list for PBXProject "Budget" */;
			compatibilityVersion = "Xcode 9.3";
			developmentRegion = en;
			hasScannedForEncodings = 0;
			knownRegions = (
				en,
				Base,
			);
			mainGroup = 20B8AA3A2116460F00167865;
			productRefGroup = 20B8AA442116460F00167865 /* Products */;
			projectDirPath = "";
			projectRoot = "";
			targets = (
				20B8AA422116460F00167865 /* Budget */,
			);
		};
/* End PBXProject section */

/* Begin PBXResourcesBuildPhase section */
		20B8AA412116460F00167865 /* Resources */ = {
			isa = PBXResourcesBuildPhase;
			buildActionMask = 2147483647;
			files = (
				20DE1981212077BE00707A31 /* ExpensesThisMonthViewController.storyboard in Resources */,
				2059892B212DF7CB00D1994D /* Launch Screen Thing.storyboard in Resources */,
				20B8AA4E2116461100167865 /* Assets.xcassets in Resources */,
				20FAE82E2241072F00AC471A /* Onboarding.storyboard in Resources */,
				207B12D721281FD500C02331 /* BudgetExport.storyboard in Resources */,
				200BDE45220F117000B83924 /* ExpenseInputViewController.storyboard in Resources */,
				2025D3EF223BEEB700D0AFB8 /* BudgetFileIcon@3x.png in Resources */,
				20658AAF22103BE200D9656C /* Settings2.storyboard in Resources */,
				20A43DC721308C1E00EB0D07 /* IndieFlower.ttf in Resources */,
				20B8AA4C2116460F00167865 /* Main.storyboard in Resources */,
				2028C4C7211F387F00048ABC /* ConvertorViewController.storyboard in Resources */,
				2015B9E4212E5677003CB2F7 /* Launch Screen.storyboard in Resources */,
			);
			runOnlyForDeploymentPostprocessing = 0;
		};
/* End PBXResourcesBuildPhase section */

/* Begin PBXShellScriptBuildPhase section */
		559F74B38ACA9D354A1862AE /* [CP] Check Pods Manifest.lock */ = {
			isa = PBXShellScriptBuildPhase;
			buildActionMask = 2147483647;
			files = (
			);
			inputFileListPaths = (
			);
			inputPaths = (
				"${PODS_PODFILE_DIR_PATH}/Podfile.lock",
				"${PODS_ROOT}/Manifest.lock",
			);
			name = "[CP] Check Pods Manifest.lock";
			outputFileListPaths = (
			);
			outputPaths = (
				"$(DERIVED_FILE_DIR)/Pods-Budget-checkManifestLockResult.txt",
			);
			runOnlyForDeploymentPostprocessing = 0;
			shellPath = /bin/sh;
			shellScript = "diff \"${PODS_PODFILE_DIR_PATH}/Podfile.lock\" \"${PODS_ROOT}/Manifest.lock\" > /dev/null\nif [ $? != 0 ] ; then\n    # print error to STDERR\n    echo \"error: The sandbox is not in sync with the Podfile.lock. Run 'pod install' or update your CocoaPods installation.\" >&2\n    exit 1\nfi\n# This output is used by Xcode 'outputs' to avoid re-running this script phase.\necho \"SUCCESS\" > \"${SCRIPT_OUTPUT_FILE_0}\"\n";
			showEnvVarsInLog = 0;
		};
		D8C40B593717F8B8CBB5D1AE /* [CP] Embed Pods Frameworks */ = {
			isa = PBXShellScriptBuildPhase;
			buildActionMask = 2147483647;
			files = (
			);
			inputFileListPaths = (
			);
			inputPaths = (
				"${SRCROOT}/Pods/Target Support Files/Pods-Budget/Pods-Budget-frameworks.sh",
				"${BUILT_PRODUCTS_DIR}/FAPanels/FAPanels.framework",
				"${BUILT_PRODUCTS_DIR}/KDCalendar/KDCalendar.framework",
			);
			name = "[CP] Embed Pods Frameworks";
			outputFileListPaths = (
			);
			outputPaths = (
				"${TARGET_BUILD_DIR}/${FRAMEWORKS_FOLDER_PATH}/FAPanels.framework",
				"${TARGET_BUILD_DIR}/${FRAMEWORKS_FOLDER_PATH}/KDCalendar.framework",
			);
			runOnlyForDeploymentPostprocessing = 0;
			shellPath = /bin/sh;
			shellScript = "\"${SRCROOT}/Pods/Target Support Files/Pods-Budget/Pods-Budget-frameworks.sh\"\n";
			showEnvVarsInLog = 0;
		};
/* End PBXShellScriptBuildPhase section */

/* Begin PBXSourcesBuildPhase section */
		20B8AA3F2116460F00167865 /* Sources */ = {
			isa = PBXSourcesBuildPhase;
			buildActionMask = 2147483647;
			files = (
				205EB7E42127E18B0019E641 /* BudgetExportDocument.swift in Sources */,
				20658AB522130D5F00D9656C /* RecurringExpenseViewController.swift in Sources */,
				20A43DCB2130C70E00EB0D07 /* ExpenseCell.swift in Sources */,
				20491B01221E400E000A9576 /* PanelViewController.swift in Sources */,
				208777242133684000FB708C /* ExchangeCurrencyCell.swift in Sources */,
				201B9E0B2240DFB400D7BBBA /* BudgetDocumentCell.swift in Sources */,
				20DE19852120857000707A31 /* ExpensesThisMonthViewController.swift in Sources */,
				200BDE47220F117700B83924 /* ExpenseInputViewController.swift in Sources */,
				20AA3244213360B9000B0CBF /* BaseCurrencyCell.swift in Sources */,
				20F3A459212705B600F9B13E /* BudgetExportData.swift in Sources */,
				20B8AA5D21165C4C00167865 /* Expense.swift in Sources */,
				201D307B221AE3C3009BF083 /* SwitchTableViewCell.swift in Sources */,
				200BDE4F220F68A300B83924 /* AlertButton.swift in Sources */,
				20BD74272116D69A00DE0B7A /* BudgetCalculatingFunctions.swift in Sources */,
				200BDDB3220E3A3E00B83924 /* Settings.swift in Sources */,
				205E540422281820006F43D6 /* RecurringExpense.swift in Sources */,
				20B8AA492116460F00167865 /* BudgetViewController.swift in Sources */,
				20B8AA5A2116559500167865 /* OverViewTableViewCell.swift in Sources */,
				2025D3F1223BEFEC00D0AFB8 /* ChooseFileViewController.swift in Sources */,
				20FA8ABC223A9ED6001E9CDE /* BaseClassExtensions.swift in Sources */,
				207717A0211B7EF00002DD1D /* Currency.swift in Sources */,
				20658AAD22103BD900D9656C /* Settings2ViewController.swift in Sources */,
				20329A3D21328FD40036B2AA /* TodayAvailableCell.swift in Sources */,
				20FAE8302241077A00AC471A /* OnboardingControllerViewController.swift in Sources */,
				2059892D212E30F000D1994D /* LaunchScreen.swift in Sources */,
				20B8AA472116460F00167865 /* AppDelegate.swift in Sources */,
				2028C4C9211F389E00048ABC /* ConvertorViewController.swift in Sources */,
				200BDE49220F117F00B83924 /* InputView.swift in Sources */,
				20491B04221E4315000A9576 /* LeftMenuTableViewController.swift in Sources */,
				20491B0C2220233F000A9576 /* ProfileTableViewController.swift in Sources */,
				200BDE4D220F522D00B83924 /* CurrencyPicker.swift in Sources */,
				20FB7A5E211C41AB00B0F523 /* BudgetForDay.swift in Sources */,
				20658AB12211FE3500D9656C /* ProfileTableViewCell.swift in Sources */,
				206BB1742221D3B5006F55B9 /* FieldEditingTableViewController.swift in Sources */,
				20AA32422133522E000B0CBF /* CurrencyPickerCell.swift in Sources */,
				206BB1782225F729006F55B9 /* CollectionTableViewCell.swift in Sources */,
				206BB17622228D75006F55B9 /* CalendarCell.swift in Sources */,
				20FB7A60211CBA0200B0F523 /* Keys.swift in Sources */,
				207B12D521281F4800C02331 /* BudgetExportViewController.swift in Sources */,
				20E08AB72120C0E700A7BE52 /* ExpenseDetailViewController.swift in Sources */,
				20877726213386DB00FB708C /* RoundedTableViewCell.swift in Sources */,
				2028B3152279A1F70000E907 /* DatePickerCell.swift in Sources */,
			);
			runOnlyForDeploymentPostprocessing = 0;
		};
/* End PBXSourcesBuildPhase section */

/* Begin PBXVariantGroup section */
		20B8AA4A2116460F00167865 /* Main.storyboard */ = {
			isa = PBXVariantGroup;
			children = (
				20B8AA4B2116460F00167865 /* Base */,
			);
			name = Main.storyboard;
			sourceTree = "<group>";
		};
/* End PBXVariantGroup section */

/* Begin XCBuildConfiguration section */
		20B8AA532116461100167865 /* Debug */ = {
			isa = XCBuildConfiguration;
			buildSettings = {
				ALWAYS_SEARCH_USER_PATHS = NO;
				CLANG_ANALYZER_NONNULL = YES;
				CLANG_ANALYZER_NUMBER_OBJECT_CONVERSION = YES_AGGRESSIVE;
				CLANG_CXX_LANGUAGE_STANDARD = "gnu++14";
				CLANG_CXX_LIBRARY = "libc++";
				CLANG_ENABLE_MODULES = YES;
				CLANG_ENABLE_OBJC_ARC = YES;
				CLANG_ENABLE_OBJC_WEAK = YES;
				CLANG_WARN_BLOCK_CAPTURE_AUTORELEASING = YES;
				CLANG_WARN_BOOL_CONVERSION = YES;
				CLANG_WARN_COMMA = YES;
				CLANG_WARN_CONSTANT_CONVERSION = YES;
				CLANG_WARN_DEPRECATED_OBJC_IMPLEMENTATIONS = YES;
				CLANG_WARN_DIRECT_OBJC_ISA_USAGE = YES_ERROR;
				CLANG_WARN_DOCUMENTATION_COMMENTS = YES;
				CLANG_WARN_EMPTY_BODY = YES;
				CLANG_WARN_ENUM_CONVERSION = YES;
				CLANG_WARN_INFINITE_RECURSION = YES;
				CLANG_WARN_INT_CONVERSION = YES;
				CLANG_WARN_NON_LITERAL_NULL_CONVERSION = YES;
				CLANG_WARN_OBJC_IMPLICIT_RETAIN_SELF = YES;
				CLANG_WARN_OBJC_LITERAL_CONVERSION = YES;
				CLANG_WARN_OBJC_ROOT_CLASS = YES_ERROR;
				CLANG_WARN_RANGE_LOOP_ANALYSIS = YES;
				CLANG_WARN_STRICT_PROTOTYPES = YES;
				CLANG_WARN_SUSPICIOUS_MOVE = YES;
				CLANG_WARN_UNGUARDED_AVAILABILITY = YES_AGGRESSIVE;
				CLANG_WARN_UNREACHABLE_CODE = YES;
				CLANG_WARN__DUPLICATE_METHOD_MATCH = YES;
				CODE_SIGN_IDENTITY = "iPhone Developer";
				COPY_PHASE_STRIP = NO;
				DEBUG_INFORMATION_FORMAT = dwarf;
				ENABLE_STRICT_OBJC_MSGSEND = YES;
				ENABLE_TESTABILITY = YES;
				GCC_C_LANGUAGE_STANDARD = gnu11;
				GCC_DYNAMIC_NO_PIC = NO;
				GCC_NO_COMMON_BLOCKS = YES;
				GCC_OPTIMIZATION_LEVEL = 0;
				GCC_PREPROCESSOR_DEFINITIONS = (
					"DEBUG=1",
					"$(inherited)",
				);
				GCC_WARN_64_TO_32_BIT_CONVERSION = YES;
				GCC_WARN_ABOUT_RETURN_TYPE = YES_ERROR;
				GCC_WARN_UNDECLARED_SELECTOR = YES;
				GCC_WARN_UNINITIALIZED_AUTOS = YES_AGGRESSIVE;
				GCC_WARN_UNUSED_FUNCTION = YES;
				GCC_WARN_UNUSED_VARIABLE = YES;
				IPHONEOS_DEPLOYMENT_TARGET = 11.0;
				MTL_ENABLE_DEBUG_INFO = YES;
				ONLY_ACTIVE_ARCH = YES;
				SDKROOT = iphoneos;
				SWIFT_ACTIVE_COMPILATION_CONDITIONS = DEBUG;
				SWIFT_OPTIMIZATION_LEVEL = "-Onone";
			};
			name = Debug;
		};
		20B8AA542116461100167865 /* Release */ = {
			isa = XCBuildConfiguration;
			buildSettings = {
				ALWAYS_SEARCH_USER_PATHS = NO;
				CLANG_ANALYZER_NONNULL = YES;
				CLANG_ANALYZER_NUMBER_OBJECT_CONVERSION = YES_AGGRESSIVE;
				CLANG_CXX_LANGUAGE_STANDARD = "gnu++14";
				CLANG_CXX_LIBRARY = "libc++";
				CLANG_ENABLE_MODULES = YES;
				CLANG_ENABLE_OBJC_ARC = YES;
				CLANG_ENABLE_OBJC_WEAK = YES;
				CLANG_WARN_BLOCK_CAPTURE_AUTORELEASING = YES;
				CLANG_WARN_BOOL_CONVERSION = YES;
				CLANG_WARN_COMMA = YES;
				CLANG_WARN_CONSTANT_CONVERSION = YES;
				CLANG_WARN_DEPRECATED_OBJC_IMPLEMENTATIONS = YES;
				CLANG_WARN_DIRECT_OBJC_ISA_USAGE = YES_ERROR;
				CLANG_WARN_DOCUMENTATION_COMMENTS = YES;
				CLANG_WARN_EMPTY_BODY = YES;
				CLANG_WARN_ENUM_CONVERSION = YES;
				CLANG_WARN_INFINITE_RECURSION = YES;
				CLANG_WARN_INT_CONVERSION = YES;
				CLANG_WARN_NON_LITERAL_NULL_CONVERSION = YES;
				CLANG_WARN_OBJC_IMPLICIT_RETAIN_SELF = YES;
				CLANG_WARN_OBJC_LITERAL_CONVERSION = YES;
				CLANG_WARN_OBJC_ROOT_CLASS = YES_ERROR;
				CLANG_WARN_RANGE_LOOP_ANALYSIS = YES;
				CLANG_WARN_STRICT_PROTOTYPES = YES;
				CLANG_WARN_SUSPICIOUS_MOVE = YES;
				CLANG_WARN_UNGUARDED_AVAILABILITY = YES_AGGRESSIVE;
				CLANG_WARN_UNREACHABLE_CODE = YES;
				CLANG_WARN__DUPLICATE_METHOD_MATCH = YES;
				CODE_SIGN_IDENTITY = "iPhone Developer";
				COPY_PHASE_STRIP = NO;
				DEBUG_INFORMATION_FORMAT = "dwarf-with-dsym";
				ENABLE_NS_ASSERTIONS = NO;
				ENABLE_STRICT_OBJC_MSGSEND = YES;
				GCC_C_LANGUAGE_STANDARD = gnu11;
				GCC_NO_COMMON_BLOCKS = YES;
				GCC_WARN_64_TO_32_BIT_CONVERSION = YES;
				GCC_WARN_ABOUT_RETURN_TYPE = YES_ERROR;
				GCC_WARN_UNDECLARED_SELECTOR = YES;
				GCC_WARN_UNINITIALIZED_AUTOS = YES_AGGRESSIVE;
				GCC_WARN_UNUSED_FUNCTION = YES;
				GCC_WARN_UNUSED_VARIABLE = YES;
				IPHONEOS_DEPLOYMENT_TARGET = 11.0;
				MTL_ENABLE_DEBUG_INFO = NO;
				SDKROOT = iphoneos;
				SWIFT_COMPILATION_MODE = wholemodule;
				SWIFT_OPTIMIZATION_LEVEL = "-O";
				VALIDATE_PRODUCT = YES;
			};
			name = Release;
		};
		20B8AA562116461100167865 /* Debug */ = {
			isa = XCBuildConfiguration;
			baseConfigurationReference = D20D394DD4D9CD3BB5A28E4A /* Pods-Budget.debug.xcconfig */;
			buildSettings = {
				ASSETCATALOG_COMPILER_APPICON_NAME = AppIcon;
				CODE_SIGN_IDENTITY = "iPhone Developer";
				CODE_SIGN_STYLE = Automatic;
				DEVELOPMENT_TEAM = VWKMMKH888;
				INFOPLIST_FILE = Budget/Info.plist;
				IPHONEOS_DEPLOYMENT_TARGET = 11.0;
				LD_RUNPATH_SEARCH_PATHS = (
					"$(inherited)",
					"@executable_path/Frameworks",
				);
				PRODUCT_BUNDLE_IDENTIFIER = ihorvalds.Budget;
				PRODUCT_NAME = "$(TARGET_NAME)";
				PROVISIONING_PROFILE_SPECIFIER = "";
				SWIFT_VERSION = 5.0;
				TARGETED_DEVICE_FAMILY = "1,2";
			};
			name = Debug;
		};
		20B8AA572116461100167865 /* Release */ = {
			isa = XCBuildConfiguration;
			baseConfigurationReference = F879BA6B406B0F87B42F43B7 /* Pods-Budget.release.xcconfig */;
			buildSettings = {
				ASSETCATALOG_COMPILER_APPICON_NAME = AppIcon;
				CODE_SIGN_IDENTITY = "iPhone Developer";
				CODE_SIGN_STYLE = Automatic;
				DEVELOPMENT_TEAM = VWKMMKH888;
				INFOPLIST_FILE = Budget/Info.plist;
				IPHONEOS_DEPLOYMENT_TARGET = 11.0;
				LD_RUNPATH_SEARCH_PATHS = (
					"$(inherited)",
					"@executable_path/Frameworks",
				);
				PRODUCT_BUNDLE_IDENTIFIER = ihorvalds.Budget;
				PRODUCT_NAME = "$(TARGET_NAME)";
				PROVISIONING_PROFILE_SPECIFIER = "";
				SWIFT_VERSION = 5.0;
				TARGETED_DEVICE_FAMILY = "1,2";
			};
			name = Release;
		};
/* End XCBuildConfiguration section */

/* Begin XCConfigurationList section */
		20B8AA3E2116460F00167865 /* Build configuration list for PBXProject "Budget" */ = {
			isa = XCConfigurationList;
			buildConfigurations = (
				20B8AA532116461100167865 /* Debug */,
				20B8AA542116461100167865 /* Release */,
			);
			defaultConfigurationIsVisible = 0;
			defaultConfigurationName = Release;
		};
		20B8AA552116461100167865 /* Build configuration list for PBXNativeTarget "Budget" */ = {
			isa = XCConfigurationList;
			buildConfigurations = (
				20B8AA562116461100167865 /* Debug */,
				20B8AA572116461100167865 /* Release */,
			);
			defaultConfigurationIsVisible = 0;
			defaultConfigurationName = Release;
		};
/* End XCConfigurationList section */
	};
	rootObject = 20B8AA3B2116460F00167865 /* Project object */;
}
